{
  "nodes": {
    "disko": {
      "inputs": {
        "nixpkgs": [
          "nixpkgs"
        ]
      },
      "locked": {
        "lastModified": 1746728054,
        "narHash": "sha256-eDoSOhxGEm2PykZFa/x9QG5eTH0MJdiJ9aR00VAofXE=",
        "owner": "nix-community",
        "repo": "disko",
        "rev": "ff442f5d1425feb86344c028298548024f21256d",
        "type": "github"
      },
      "original": {
        "owner": "nix-community",
        "ref": "latest",
        "repo": "disko",
        "type": "github"
      }
    },
    "firefox-addons": {
      "inputs": {
        "nixpkgs": [
          "nixpkgs"
        ]
      },
      "locked": {
        "dir": "pkgs/firefox-addons",
        "lastModified": 1763438658,
        "narHash": "sha256-ojDdZbQG9wJyEkAQSpGUvgJ4edDnY13HXdf0dHaYKJw=",
        "owner": "rycee",
        "repo": "nur-expressions",
        "rev": "095dd41814f14586166d8c1fd9012d5e8dad0a44",
        "type": "gitlab"
      },
      "original": {
        "dir": "pkgs/firefox-addons",
        "owner": "rycee",
        "repo": "nur-expressions",
        "type": "gitlab"
      }
    },
    "flake-utils": {
      "inputs": {
        "systems": "systems"
      },
      "locked": {
        "lastModified": 1731533236,
        "narHash": "sha256-l0KFg5HjrsfsO/JpG+r7fRrqm12kzFHyUHqHCVpMMbI=",
        "owner": "numtide",
        "repo": "flake-utils",
        "rev": "11707dc2f618dd54ca8739b309ec4fc024de578b",
        "type": "github"
      },
      "original": {
        "owner": "numtide",
        "repo": "flake-utils",
        "type": "github"
      }
    },
    "home-manager": {
      "inputs": {
        "nixpkgs": [
          "nixpkgs"
        ]
      },
      "locked": {
        "lastModified": 1758463745,
        "narHash": "sha256-uhzsV0Q0I9j2y/rfweWeGif5AWe0MGrgZ/3TjpDYdGA=",
        "owner": "nix-community",
        "repo": "home-manager",
        "rev": "3b955f5f0a942f9f60cdc9cacb7844335d0f21c3",
        "type": "github"
      },
      "original": {
        "owner": "nix-community",
        "ref": "release-25.05",
        "repo": "home-manager",
        "type": "github"
      }
    },
    "nixCats": {
      "locked": {
        "lastModified": 1763330129,
        "narHash": "sha256-KbOeWIF52SV53BOeETGO2C5ewaV2Ex9iaXH7G72gOr8=",
        "owner": "BirdeeHub",
        "repo": "nixCats-nvim",
        "rev": "c81551ed87db2aefab30a12cf7425ff94dc0ad64",
        "type": "github"
      },
      "original": {
        "owner": "BirdeeHub",
        "repo": "nixCats-nvim",
        "type": "github"
      }
    },
    "nixgl": {
      "inputs": {
        "flake-utils": "flake-utils",
        "nixpkgs": [
          "nixpkgs"
        ]
      },
      "locked": {
        "lastModified": 1762090880,
        "narHash": "sha256-fbRQzIGPkjZa83MowjbD2ALaJf9y6KMDdJBQMKFeY/8=",
        "owner": "nix-community",
        "repo": "nixGL",
        "rev": "b6105297e6f0cd041670c3e8628394d4ee247ed5",
        "type": "github"
      },
      "original": {
        "owner": "nix-community",
        "repo": "nixGL",
        "type": "github"
      }
    },
    "nixos-hardware": {
      "locked": {
        "lastModified": 1762847253,
        "narHash": "sha256-BWWnUUT01lPwCWUvS0p6Px5UOBFeXJ8jR+ZdLX8IbrU=",
        "owner": "NixOS",
        "repo": "nixos-hardware",
        "rev": "899dc449bc6428b9ee6b3b8f771ca2b0ef945ab9",
        "type": "github"
      },
      "original": {
        "owner": "NixOS",
        "ref": "master",
        "repo": "nixos-hardware",
        "type": "github"
      }
    },
    "nixpkgs": {
      "locked": {
        "lastModified": 1763334038,
        "narHash": "sha256-LBVOyaH6NFzQ3X/c6vfMZ9k4SV2ofhpxeL9YnhHNJQQ=",
        "owner": "nixos",
        "repo": "nixpkgs",
        "rev": "4c8cdd5b1a630e8f72c9dd9bf582b1afb3127d2c",
        "type": "github"
      },
      "original": {
        "owner": "nixos",
        "ref": "nixos-25.05",
        "repo": "nixpkgs",
        "type": "github"
      }
    },
    "nvim": {
      "inputs": {
        "nixCats": "nixCats",
        "nixpkgs": [
          "nixpkgs"
        ],
        "plugins-beancount-nvim": "plugins-beancount-nvim",
        "plugins-crazy-node-movement": "plugins-crazy-node-movement",
        "plugins-helm-ls-nvim": "plugins-helm-ls-nvim",
        "plugins-mcphub-nvim": "plugins-mcphub-nvim",
        "plugins-nvimkit-nvim": "plugins-nvimkit-nvim",
        "plugins-shipwright-nvim": "plugins-shipwright-nvim",
        "plugins-tailwind-fold-nvim": "plugins-tailwind-fold-nvim"
      },
      "locked": {
        "path": "./dots/.config/nvim",
        "type": "path"
      },
      "original": {
        "path": "./dots/.config/nvim",
        "type": "path"
      },
      "parent": []
    },
    "plugins-beancount-nvim": {
      "flake": false,
      "locked": {
        "lastModified": 1707748314,
        "narHash": "sha256-LuACGVB3kiaiJqoGtvFy6kbPNtqoGliKLDeR+Z7Wzbw=",
        "owner": "polarmutex",
        "repo": "beancount.nvim",
        "rev": "869564aba3087ee5df8f282aa37555e314aa2152",
        "type": "github"
      },
      "original": {
        "owner": "polarmutex",
        "repo": "beancount.nvim",
        "type": "github"
      }
    },
    "plugins-crazy-node-movement": {
      "flake": false,
      "locked": {
        "lastModified": 1693654676,
        "narHash": "sha256-hQcQEp39zFN2zphMfcr97yRVcuHhBsSkzKO7XNloDpQ=",
        "owner": "theHamsta",
        "repo": "crazy-node-movement",
        "rev": "d5cf01cc44c5715501d3d6fe439af7c8b7fa5df2",
        "type": "github"
      },
      "original": {
        "owner": "theHamsta",
        "repo": "crazy-node-movement",
        "type": "github"
      }
    },
    "plugins-helm-ls-nvim": {
      "flake": false,
      "locked": {
        "lastModified": 1761915179,
        "narHash": "sha256-W9NRa84l5Cs62OsDeqb+LMxk8oYjhVBCB3o3UmE9a0I=",
        "owner": "qvalentin",
        "repo": "helm-ls.nvim",
        "rev": "d6f3a8d4ad59b4f54cd734267dfb5411679ea608",
        "type": "github"
      },
      "original": {
        "owner": "qvalentin",
        "repo": "helm-ls.nvim",
        "type": "github"
      }
    },
    "plugins-mcphub-nvim": {
      "flake": false,
      "locked": {
        "lastModified": 1759035242,
        "narHash": "sha256-I6EbgY/2sAdtrxtmH0qbAAQvMCHhOsfolJfblV0fXOk=",
        "owner": "ravitemer",
        "repo": "mcphub.nvim",
        "rev": "8ff40b5edc649959bb7e89d25ae18e055554859a",
        "type": "github"
      },
      "original": {
        "owner": "ravitemer",
        "repo": "mcphub.nvim",
        "type": "github"
      }
    },
    "plugins-nvimkit-nvim": {
      "flake": false,
      "locked": {
        "lastModified": 1721393835,
        "narHash": "sha256-MdmrhLHMxrn6upu1chjKyitPZ5WkCQtpI465AKJXDOA=",
        "owner": "jamesblckwell",
        "repo": "nvimkit.nvim",
        "rev": "af363d22699760f66988e8d36539a5753039217a",
        "type": "github"
      },
      "original": {
        "owner": "jamesblckwell",
        "repo": "nvimkit.nvim",
        "type": "github"
      }
    },
    "plugins-shipwright-nvim": {
      "flake": false,
      "locked": {
        "lastModified": 1711725275,
        "narHash": "sha256-xh/2m//Cno5gPucjOYih79wVZj3X1Di/U3/IQhKXjc0=",
        "owner": "rktjmp",
        "repo": "shipwright.nvim",
        "rev": "e596ab48328c31873f4f4d2e070243bf9de16ff3",
        "type": "github"
      },
      "original": {
        "owner": "rktjmp",
        "repo": "shipwright.nvim",
        "type": "github"
      }
    },
    "plugins-tailwind-fold-nvim": {
      "flake": false,
      "locked": {
        "lastModified": 1752559116,
        "narHash": "sha256-8uefZIVsn9USEd6FyiO3m3TRKAS/vigU4t9Tk5ijd3c=",
        "owner": "razak17",
        "repo": "tailwind-fold.nvim",
        "rev": "d9e7ca11691d252b35795726dff087bf013b2ebf",
        "type": "github"
      },
      "original": {
        "owner": "razak17",
        "repo": "tailwind-fold.nvim",
        "type": "github"
      }
    },
    "root": {
      "inputs": {
        "disko": "disko",
        "firefox-addons": "firefox-addons",
        "home-manager": "home-manager",
        "nixgl": "nixgl",
        "nixos-hardware": "nixos-hardware",
        "nixpkgs": "nixpkgs",
        "nvim": "nvim",
        "sops-nix": "sops-nix"
      }
    },
    "sops-nix": {
      "inputs": {
        "nixpkgs": [
          "nixpkgs"
        ]
      },
      "locked": {
        "lastModified": 1763417348,
        "narHash": "sha256-n5xDOeNN+smocQp3EMIc11IzBlR9wvvTIJZeL0g33Fs=",
        "owner": "Mic92",
        "repo": "sops-nix",
        "rev": "3f66a7fb9626a9a9c077612ef10a0ce396286c7d",
        "type": "github"
      },
      "original": {
        "owner": "Mic92",
        "repo": "sops-nix",
        "type": "github"
      }
    },
    "systems": {
      "locked": {
        "lastModified": 1681028828,
        "narHash": "sha256-Vy1rq5AaRuLzOxct8nz4T6wlgyUR7zLU309k9mBC768=",
        "owner": "nix-systems",
        "repo": "default",
        "rev": "da67096a3b9bf56a91d16901293e51ba5b49a27e",
        "type": "github"
      },
      "original": {
        "owner": "nix-systems",
        "repo": "default",
        "type": "github"
      }
    }
  },
  "root": "root",
  "version": 7
}
