{
  "nodes": {
    "disko": {
      "inputs": {
        "nixpkgs": [
          "nixpkgs"
        ]
      },
      "locked": {
        "lastModified": 1768920986,
        "narHash": "sha256-CNzzBsRhq7gg4BMBuTDObiWDH/rFYHEuDRVOwCcwXw4=",
        "owner": "nix-community",
        "repo": "disko",
        "rev": "de5708739256238fb912c62f03988815db89ec9a",
        "type": "github"
      },
      "original": {
        "owner": "nix-community",
        "ref": "latest",
        "repo": "disko",
        "type": "github"
      }
    },
    "firefox-addons": {
      "inputs": {
        "nixpkgs": [
          "nixpkgs"
        ]
      },
      "locked": {
        "dir": "pkgs/firefox-addons",
        "lastModified": 1769054619,
        "narHash": "sha256-LCc0gbSgjehdy41Gi1H5WNxEuW9PtRHFVaPXoFzslQU=",
        "owner": "rycee",
        "repo": "nur-expressions",
        "rev": "6509620630f68dc02ac3e99f15a67760778444ff",
        "type": "gitlab"
      },
      "original": {
        "dir": "pkgs/firefox-addons",
        "owner": "rycee",
        "repo": "nur-expressions",
        "type": "gitlab"
      }
    },
    "flake-parts": {
      "inputs": {
        "nixpkgs-lib": [
          "nvim",
          "mcp-hub",
          "nixpkgs"
        ]
      },
      "locked": {
        "lastModified": 1743550720,
        "narHash": "sha256-hIshGgKZCgWh6AYJpJmRgFdR3WUbkY04o82X05xqQiY=",
        "owner": "hercules-ci",
        "repo": "flake-parts",
        "rev": "c621e8422220273271f52058f618c94e405bb0f5",
        "type": "github"
      },
      "original": {
        "owner": "hercules-ci",
        "repo": "flake-parts",
        "type": "github"
      }
    },
    "flake-utils": {
      "inputs": {
        "systems": "systems"
      },
      "locked": {
        "lastModified": 1731533236,
        "narHash": "sha256-l0KFg5HjrsfsO/JpG+r7fRrqm12kzFHyUHqHCVpMMbI=",
        "owner": "numtide",
        "repo": "flake-utils",
        "rev": "11707dc2f618dd54ca8739b309ec4fc024de578b",
        "type": "github"
      },
      "original": {
        "owner": "numtide",
        "repo": "flake-utils",
        "type": "github"
      }
    },
    "home-manager": {
      "inputs": {
        "nixpkgs": [
          "nixpkgs"
        ]
      },
      "locked": {
        "lastModified": 1769102673,
        "narHash": "sha256-/qvRFjn1s3bIJdSKG6IpaE6ML3j9anQKUqGhmt4Qe+E=",
        "owner": "nix-community",
        "repo": "home-manager",
        "rev": "b0491fe55680bd19be8e74847969dad9d7784658",
        "type": "github"
      },
      "original": {
        "owner": "nix-community",
        "repo": "home-manager",
        "type": "github"
      }
    },
    "mcp-hub": {
      "inputs": {
        "flake-parts": "flake-parts",
        "nixpkgs": "nixpkgs_2"
      },
      "locked": {
        "lastModified": 1755841689,
        "narHash": "sha256-KakvXZf0vjdqzyT+LsAKHEr4GLICGXPmxl1hZ3tI7Yg=",
        "owner": "ravitemer",
        "repo": "mcp-hub",
        "rev": "9c7670a4c341ed3cf738a6242c0fde1cea40bccf",
        "type": "github"
      },
      "original": {
        "owner": "ravitemer",
        "repo": "mcp-hub",
        "type": "github"
      }
    },
    "nix-secrets": {
      "flake": false,
      "locked": {
        "lastModified": 1768769813,
        "narHash": "sha256-3ft3BnwlJyrqfJKlXj4px3oIh5feLEJZ2iOEg8kErRc=",
        "ref": "main",
        "rev": "af4d568e01b6b5ccf8cc1262886ebea63b2010f2",
        "shallow": true,
        "type": "git",
        "url": "ssh://git@github.com/hektor/nix-secrets"
      },
      "original": {
        "ref": "main",
        "shallow": true,
        "type": "git",
        "url": "ssh://git@github.com/hektor/nix-secrets"
      }
    },
    "nixCats": {
      "locked": {
        "lastModified": 1769085828,
        "narHash": "sha256-TjhFIAtS628+/r3IuYWPcNa++mUMMDDG8PbSfFHXBiA=",
        "owner": "BirdeeHub",
        "repo": "nixCats-nvim",
        "rev": "43fbf4d12b0a613f1a792503da4bb2bf270173c7",
        "type": "github"
      },
      "original": {
        "owner": "BirdeeHub",
        "repo": "nixCats-nvim",
        "type": "github"
      }
    },
    "nixgl": {
      "inputs": {
        "flake-utils": "flake-utils",
        "nixpkgs": [
          "nixpkgs"
        ]
      },
      "locked": {
        "lastModified": 1762090880,
        "narHash": "sha256-fbRQzIGPkjZa83MowjbD2ALaJf9y6KMDdJBQMKFeY/8=",
        "owner": "nix-community",
        "repo": "nixGL",
        "rev": "b6105297e6f0cd041670c3e8628394d4ee247ed5",
        "type": "github"
      },
      "original": {
        "owner": "nix-community",
        "repo": "nixGL",
        "type": "github"
      }
    },
    "nixos-hardware": {
      "locked": {
        "lastModified": 1769086393,
        "narHash": "sha256-3ymIZ8s3+hu7sDl/Y48o6bwMxorfKrmn97KuWiw1vjY=",
        "owner": "NixOS",
        "repo": "nixos-hardware",
        "rev": "9f7ba891ea5fc3ededd7804f1a23fafadbcb26ca",
        "type": "github"
      },
      "original": {
        "owner": "NixOS",
        "ref": "master",
        "repo": "nixos-hardware",
        "type": "github"
      }
    },
    "nixpkgs": {
      "locked": {
        "lastModified": 1769018530,
        "narHash": "sha256-MJ27Cy2NtBEV5tsK+YraYr2g851f3Fl1LpNHDzDX15c=",
        "owner": "nixos",
        "repo": "nixpkgs",
        "rev": "88d3861acdd3d2f0e361767018218e51810df8a1",
        "type": "github"
      },
      "original": {
        "owner": "nixos",
        "ref": "nixos-unstable",
        "repo": "nixpkgs",
        "type": "github"
      }
    },
    "nixpkgs_2": {
      "locked": {
        "lastModified": 1743689281,
        "narHash": "sha256-y7Hg5lwWhEOgflEHRfzSH96BOt26LaYfrYWzZ+VoVdg=",
        "owner": "NixOS",
        "repo": "nixpkgs",
        "rev": "2bfc080955153be0be56724be6fa5477b4eefabb",
        "type": "github"
      },
      "original": {
        "owner": "NixOS",
        "ref": "nixpkgs-unstable",
        "repo": "nixpkgs",
        "type": "github"
      }
    },
    "nvim": {
      "inputs": {
        "mcp-hub": "mcp-hub",
        "nixCats": "nixCats",
        "nixpkgs": [
          "nixpkgs"
        ],
        "plugins-beancount-nvim": "plugins-beancount-nvim",
        "plugins-helm-ls-nvim": "plugins-helm-ls-nvim",
        "plugins-m-taskwarrior-d-nvim": "plugins-m-taskwarrior-d-nvim",
        "plugins-mcphub-nvim": "plugins-mcphub-nvim",
        "plugins-nvimkit-nvim": "plugins-nvimkit-nvim",
        "plugins-shipwright-nvim": "plugins-shipwright-nvim",
        "plugins-tailwind-fold-nvim": "plugins-tailwind-fold-nvim"
      },
      "locked": {
        "path": "./dots/.config/nvim",
        "type": "path"
      },
      "original": {
        "path": "./dots/.config/nvim",
        "type": "path"
      },
      "parent": []
    },
    "plugins-beancount-nvim": {
      "flake": false,
      "locked": {
        "lastModified": 1707748314,
        "narHash": "sha256-LuACGVB3kiaiJqoGtvFy6kbPNtqoGliKLDeR+Z7Wzbw=",
        "owner": "polarmutex",
        "repo": "beancount.nvim",
        "rev": "869564aba3087ee5df8f282aa37555e314aa2152",
        "type": "github"
      },
      "original": {
        "owner": "polarmutex",
        "repo": "beancount.nvim",
        "type": "github"
      }
    },
    "plugins-helm-ls-nvim": {
      "flake": false,
      "locked": {
        "lastModified": 1768584652,
        "narHash": "sha256-jnMc87OjURNcqsva0npYgVyUrWc5C6L7yHpNvt9eSmg=",
        "owner": "qvalentin",
        "repo": "helm-ls.nvim",
        "rev": "f0b9a1723890971a6d84890b50dbf5f40974ea1b",
        "type": "github"
      },
      "original": {
        "owner": "qvalentin",
        "repo": "helm-ls.nvim",
        "type": "github"
      }
    },
    "plugins-m-taskwarrior-d-nvim": {
      "flake": false,
      "locked": {
        "lastModified": 1767960157,
        "narHash": "sha256-ov0qi4LhIlwqrBzSbTJ6APC5qjl2d/vlKWJfW5ZiDrg=",
        "owner": "huantrinh1802",
        "repo": "m_taskwarrior_d.nvim",
        "rev": "107247387cd81823046bc2b8e71150c8edf041d3",
        "type": "github"
      },
      "original": {
        "owner": "huantrinh1802",
        "repo": "m_taskwarrior_d.nvim",
        "type": "github"
      }
    },
    "plugins-mcphub-nvim": {
      "flake": false,
      "locked": {
        "lastModified": 1768730387,
        "narHash": "sha256-g9tPvjThz6EUk7zcY7lL+YH4lrT4x3FJ6jrNMHA8PAE=",
        "owner": "ravitemer",
        "repo": "mcphub.nvim",
        "rev": "7cd5db330f41b7bae02b2d6202218a061c3ebc1f",
        "type": "github"
      },
      "original": {
        "owner": "ravitemer",
        "repo": "mcphub.nvim",
        "type": "github"
      }
    },
    "plugins-nvimkit-nvim": {
      "flake": false,
      "locked": {
        "lastModified": 1721393835,
        "narHash": "sha256-MdmrhLHMxrn6upu1chjKyitPZ5WkCQtpI465AKJXDOA=",
        "owner": "jamesblckwell",
        "repo": "nvimkit.nvim",
        "rev": "af363d22699760f66988e8d36539a5753039217a",
        "type": "github"
      },
      "original": {
        "owner": "jamesblckwell",
        "repo": "nvimkit.nvim",
        "type": "github"
      }
    },
    "plugins-shipwright-nvim": {
      "flake": false,
      "locked": {
        "lastModified": 1711725275,
        "narHash": "sha256-xh/2m//Cno5gPucjOYih79wVZj3X1Di/U3/IQhKXjc0=",
        "owner": "rktjmp",
        "repo": "shipwright.nvim",
        "rev": "e596ab48328c31873f4f4d2e070243bf9de16ff3",
        "type": "github"
      },
      "original": {
        "owner": "rktjmp",
        "repo": "shipwright.nvim",
        "type": "github"
      }
    },
    "plugins-tailwind-fold-nvim": {
      "flake": false,
      "locked": {
        "lastModified": 1766077142,
        "narHash": "sha256-SwcDLlygXUSV/dytPXA5Y45OpUhjnExc8SZg5a8MZ2k=",
        "owner": "razak17",
        "repo": "tailwind-fold.nvim",
        "rev": "e2ba5ee1ca9b74208709fe9d7314b8aa753b26a7",
        "type": "github"
      },
      "original": {
        "owner": "razak17",
        "repo": "tailwind-fold.nvim",
        "type": "github"
      }
    },
    "root": {
      "inputs": {
        "disko": "disko",
        "firefox-addons": "firefox-addons",
        "home-manager": "home-manager",
        "nix-secrets": "nix-secrets",
        "nixgl": "nixgl",
        "nixos-hardware": "nixos-hardware",
        "nixpkgs": "nixpkgs",
        "nvim": "nvim",
        "sops-nix": "sops-nix"
      }
    },
    "sops-nix": {
      "inputs": {
        "nixpkgs": [
          "nixpkgs"
        ]
      },
      "locked": {
        "lastModified": 1768863606,
        "narHash": "sha256-1IHAeS8WtBiEo5XiyJBHOXMzECD6aaIOJmpQKzRRl64=",
        "owner": "Mic92",
        "repo": "sops-nix",
        "rev": "c7067be8db2c09ab1884de67ef6c4f693973f4a2",
        "type": "github"
      },
      "original": {
        "owner": "Mic92",
        "repo": "sops-nix",
        "type": "github"
      }
    },
    "systems": {
      "locked": {
        "lastModified": 1681028828,
        "narHash": "sha256-Vy1rq5AaRuLzOxct8nz4T6wlgyUR7zLU309k9mBC768=",
        "owner": "nix-systems",
        "repo": "default",
        "rev": "da67096a3b9bf56a91d16901293e51ba5b49a27e",
        "type": "github"
      },
      "original": {
        "owner": "nix-systems",
        "repo": "default",
        "type": "github"
      }
    }
  },
  "root": "root",
  "version": 7
}
