{
  "nodes": {
    "crane": {
      "locked": {
        "lastModified": 1769287525,
        "narHash": "sha256-gABuYA6BzoRMLuPaeO5p7SLrpd4qExgkwEmYaYQY4bM=",
        "owner": "ipetkov",
        "repo": "crane",
        "rev": "0314e365877a85c9e5758f9ea77a9972afbb4c21",
        "type": "github"
      },
      "original": {
        "owner": "ipetkov",
        "repo": "crane",
        "type": "github"
      }
    },
    "flake-utils": {
      "inputs": {
        "systems": "systems"
      },
      "locked": {
        "lastModified": 1731533236,
        "narHash": "sha256-l0KFg5HjrsfsO/JpG+r7fRrqm12kzFHyUHqHCVpMMbI=",
        "owner": "numtide",
        "repo": "flake-utils",
        "rev": "11707dc2f618dd54ca8739b309ec4fc024de578b",
        "type": "github"
      },
      "original": {
        "owner": "numtide",
        "repo": "flake-utils",
        "type": "github"
      }
    },
    "flake-utils_2": {
      "inputs": {
        "systems": "systems_2"
      },
      "locked": {
        "lastModified": 1731533236,
        "narHash": "sha256-l0KFg5HjrsfsO/JpG+r7fRrqm12kzFHyUHqHCVpMMbI=",
        "owner": "numtide",
        "repo": "flake-utils",
        "rev": "11707dc2f618dd54ca8739b309ec4fc024de578b",
        "type": "github"
      },
      "original": {
        "owner": "numtide",
        "repo": "flake-utils",
        "type": "github"
      }
    },
    "flake-utils_3": {
      "inputs": {
        "systems": "systems_3"
      },
      "locked": {
        "lastModified": 1731533236,
        "narHash": "sha256-l0KFg5HjrsfsO/JpG+r7fRrqm12kzFHyUHqHCVpMMbI=",
        "owner": "numtide",
        "repo": "flake-utils",
        "rev": "11707dc2f618dd54ca8739b309ec4fc024de578b",
        "type": "github"
      },
      "original": {
        "owner": "numtide",
        "repo": "flake-utils",
        "type": "github"
      }
    },
    "gitlab-nvim": {
      "inputs": {
        "flake-utils": "flake-utils",
        "gomod2nix": "gomod2nix",
        "nixpkgs": [
          "nixpkgs"
        ]
      },
      "locked": {
        "lastModified": 1780036237,
        "narHash": "sha256-74xa5njR6mFwRxivaXTswcqV9T6kR3fd2cvcNqYxwcA=",
        "owner": "harrisoncramer",
        "repo": "gitlab.nvim",
        "rev": "f06f97b99afdb8b5c129285d6675f77daa2ea912",
        "type": "github"
      },
      "original": {
        "owner": "harrisoncramer",
        "repo": "gitlab.nvim",
        "type": "github"
      }
    },
    "gomod2nix": {
      "inputs": {
        "flake-utils": "flake-utils_2",
        "nixpkgs": [
          "gitlab-nvim",
          "nixpkgs"
        ]
      },
      "locked": {
        "lastModified": 1770585520,
        "narHash": "sha256-yBz9Ozd5Wb56i3e3cHZ8WcbzCQ9RlVaiW18qDYA/AzA=",
        "owner": "nix-community",
        "repo": "gomod2nix",
        "rev": "1201ddd1279c35497754f016ef33d5e060f3da8d",
        "type": "github"
      },
      "original": {
        "owner": "nix-community",
        "repo": "gomod2nix",
        "type": "github"
      }
    },
    "kubectl-nvim": {
      "inputs": {
        "crane": "crane",
        "flake-utils": "flake-utils_3",
        "nixpkgs": [
          "nixpkgs"
        ],
        "rust-overlay": "rust-overlay"
      },
      "locked": {
        "lastModified": 1780242361,
        "narHash": "sha256-bRiJ0Mt8gLusp4Q9N1YZDTsDkFbYPdiD9l2+5J8K92s=",
        "owner": "Ramilito",
        "repo": "kubectl.nvim",
        "rev": "84522036936b87f7811d13800ac3cbeaad093423",
        "type": "github"
      },
      "original": {
        "owner": "Ramilito",
        "repo": "kubectl.nvim",
        "type": "github"
      }
    },
    "nixCats": {
      "locked": {
        "lastModified": 1777273601,
        "narHash": "sha256-xBUa8Tl9V7IXI+VmLEuDc81La/EhoSn1C3EVSnJ3cfU=",
        "owner": "BirdeeHub",
        "repo": "nixCats-nvim",
        "rev": "f69ea013e328841a7def7037ed59788a76be8816",
        "type": "github"
      },
      "original": {
        "owner": "BirdeeHub",
        "repo": "nixCats-nvim",
        "type": "github"
      }
    },
    "nixpkgs": {
      "locked": {
        "lastModified": 1780336545,
        "narHash": "sha256-vhVhuXzFrIOfcssC/9hDHx7MHzDKjF3keHuREOQqQiQ=",
        "owner": "nixos",
        "repo": "nixpkgs",
        "rev": "4df1b885d76a54e1aa1a318f8d16fd6005b6401f",
        "type": "github"
      },
      "original": {
        "owner": "nixos",
        "ref": "nixpkgs-unstable",
        "repo": "nixpkgs",
        "type": "github"
      }
    },
    "plugins-beancount-nvim": {
      "flake": false,
      "locked": {
        "lastModified": 1707748314,
        "narHash": "sha256-LuACGVB3kiaiJqoGtvFy6kbPNtqoGliKLDeR+Z7Wzbw=",
        "owner": "polarmutex",
        "repo": "beancount.nvim",
        "rev": "869564aba3087ee5df8f282aa37555e314aa2152",
        "type": "github"
      },
      "original": {
        "owner": "polarmutex",
        "repo": "beancount.nvim",
        "type": "github"
      }
    },
    "plugins-diffview-nvim": {
      "flake": false,
      "locked": {
        "lastModified": 1780388924,
        "narHash": "sha256-r9jrapT3yHbr9jWcNzBbrW5zZCA2nV7xXgnvPgffYi4=",
        "owner": "dlyongemallo",
        "repo": "diffview.nvim",
        "rev": "3d948ae75e2dac5b7590cfdf91dd9de1b8098f2c",
        "type": "github"
      },
      "original": {
        "owner": "dlyongemallo",
        "repo": "diffview.nvim",
        "type": "github"
      }
    },
    "plugins-nvimkit-nvim": {
      "flake": false,
      "locked": {
        "lastModified": 1721393835,
        "narHash": "sha256-MdmrhLHMxrn6upu1chjKyitPZ5WkCQtpI465AKJXDOA=",
        "owner": "jamesblckwell",
        "repo": "nvimkit.nvim",
        "rev": "af363d22699760f66988e8d36539a5753039217a",
        "type": "github"
      },
      "original": {
        "owner": "jamesblckwell",
        "repo": "nvimkit.nvim",
        "type": "github"
      }
    },
    "plugins-shipwright-nvim": {
      "flake": false,
      "locked": {
        "lastModified": 1711725275,
        "narHash": "sha256-xh/2m//Cno5gPucjOYih79wVZj3X1Di/U3/IQhKXjc0=",
        "owner": "rktjmp",
        "repo": "shipwright.nvim",
        "rev": "e596ab48328c31873f4f4d2e070243bf9de16ff3",
        "type": "github"
      },
      "original": {
        "owner": "rktjmp",
        "repo": "shipwright.nvim",
        "type": "github"
      }
    },
    "plugins-tailwind-fold-nvim": {
      "flake": false,
      "locked": {
        "lastModified": 1766077142,
        "narHash": "sha256-SwcDLlygXUSV/dytPXA5Y45OpUhjnExc8SZg5a8MZ2k=",
        "owner": "razak17",
        "repo": "tailwind-fold.nvim",
        "rev": "e2ba5ee1ca9b74208709fe9d7314b8aa753b26a7",
        "type": "github"
      },
      "original": {
        "owner": "razak17",
        "repo": "tailwind-fold.nvim",
        "type": "github"
      }
    },
    "root": {
      "inputs": {
        "gitlab-nvim": "gitlab-nvim",
        "kubectl-nvim": "kubectl-nvim",
        "nixCats": "nixCats",
        "nixpkgs": "nixpkgs",
        "plugins-beancount-nvim": "plugins-beancount-nvim",
        "plugins-diffview-nvim": "plugins-diffview-nvim",
        "plugins-nvimkit-nvim": "plugins-nvimkit-nvim",
        "plugins-shipwright-nvim": "plugins-shipwright-nvim",
        "plugins-tailwind-fold-nvim": "plugins-tailwind-fold-nvim",
        "mcp-hub": "mcp-hub",
        "plugins-mcphub-nvim": "plugins-mcphub-nvim",
        "plugins-helm-ls-nvim": "plugins-helm-ls-nvim"
      }
    },
    "rust-overlay": {
      "inputs": {
        "nixpkgs": [
          "kubectl-nvim",
          "nixpkgs"
        ]
      },
      "locked": {
        "lastModified": 1769568593,
        "narHash": "sha256-vf3cZf8imUlPzFtICa1uyReDzoPV0XhHOIRM3tqI5VY=",
        "owner": "oxalica",
        "repo": "rust-overlay",
        "rev": "6fe5039018d05cee5d01dda7df1c0846fb7943a4",
        "type": "github"
      },
      "original": {
        "owner": "oxalica",
        "repo": "rust-overlay",
        "type": "github"
      }
    },
    "systems": {
      "locked": {
        "lastModified": 1681028828,
        "narHash": "sha256-Vy1rq5AaRuLzOxct8nz4T6wlgyUR7zLU309k9mBC768=",
        "owner": "nix-systems",
        "repo": "default",
        "rev": "da67096a3b9bf56a91d16901293e51ba5b49a27e",
        "type": "github"
      },
      "original": {
        "owner": "nix-systems",
        "repo": "default",
        "type": "github"
      }
    },
    "systems_2": {
      "locked": {
        "lastModified": 1681028828,
        "narHash": "sha256-Vy1rq5AaRuLzOxct8nz4T6wlgyUR7zLU309k9mBC768=",
        "owner": "nix-systems",
        "repo": "default",
        "rev": "da67096a3b9bf56a91d16901293e51ba5b49a27e",
        "type": "github"
      },
      "original": {
        "owner": "nix-systems",
        "repo": "default",
        "type": "github"
      }
    },
    "systems_3": {
      "locked": {
        "lastModified": 1681028828,
        "narHash": "sha256-Vy1rq5AaRuLzOxct8nz4T6wlgyUR7zLU309k9mBC768=",
        "owner": "nix-systems",
        "repo": "default",
        "rev": "da67096a3b9bf56a91d16901293e51ba5b49a27e",
        "type": "github"
      },
      "original": {
        "owner": "nix-systems",
        "repo": "default",
        "type": "github"
      }
    },
    "mcp-hub": {
      "inputs": {
        "flake-parts": "flake-parts",
        "nixpkgs": "nixpkgs_g2"
      },
      "locked": {
        "lastModified": 1755841689,
        "narHash": "sha256-KakvXZf0vjdqzyT+LsAKHEr4GLICGXPmxl1hZ3tI7Yg=",
        "owner": "ravitemer",
        "repo": "mcp-hub",
        "rev": "9c7670a4c341ed3cf738a6242c0fde1cea40bccf",
        "type": "github"
      },
      "original": {
        "owner": "ravitemer",
        "repo": "mcp-hub",
        "type": "github"
      }
    },
    "flake-parts": {
      "inputs": {
        "nixpkgs-lib": [
          "mcp-hub",
          "nixpkgs"
        ]
      },
      "locked": {
        "lastModified": 1743550720,
        "narHash": "sha256-hIshGgKZCgWh6AYJpJmRgFdR3WUbkY04o82X05xqQiY=",
        "owner": "hercules-ci",
        "repo": "flake-parts",
        "rev": "c621e8422220273271f52058f618c94e405bb0f5",
        "type": "github"
      },
      "original": {
        "owner": "hercules-ci",
        "repo": "flake-parts",
        "type": "github"
      }
    },
    "nixpkgs_g2": {
      "locked": {
        "lastModified": 1743689281,
        "narHash": "sha256-y7Hg5lwWhEOgflEHRfzSH96BOt26LaYfrYWzZ+VoVdg=",
        "owner": "NixOS",
        "repo": "nixpkgs",
        "rev": "2bfc080955153be0be56724be6fa5477b4eefabb",
        "type": "github"
      },
      "original": {
        "owner": "NixOS",
        "ref": "nixpkgs-unstable",
        "repo": "nixpkgs",
        "type": "github"
      }
    },
    "plugins-mcphub-nvim": {
      "flake": false,
      "locked": {
        "lastModified": 1768730387,
        "narHash": "sha256-g9tPvjThz6EUk7zcY7lL+YH4lrT4x3FJ6jrNMHA8PAE=",
        "owner": "ravitemer",
        "repo": "mcphub.nvim",
        "rev": "7cd5db330f41b7bae02b2d6202218a061c3ebc1f",
        "type": "github"
      },
      "original": {
        "owner": "ravitemer",
        "repo": "mcphub.nvim",
        "type": "github"
      }
    },
    "plugins-helm-ls-nvim": {
      "flake": false,
      "locked": {
        "lastModified": 1773934114,
        "narHash": "sha256-8trqFsA7nTKSdtkiAL0Sa9bXjh5ONtAqN7XNE/B8ukM=",
        "owner": "qvalentin",
        "repo": "helm-ls.nvim",
        "rev": "20df43509b02a3ce3c6b3eee254d6e2bffa9a370",
        "type": "github"
      },
      "original": {
        "owner": "qvalentin",
        "repo": "helm-ls.nvim",
        "type": "github"
      }
    }
  },
  "root": "root",
  "version": 7
}
